{
  "name": "1",
  "version": "1.0.0",
  "lockfileVersion": 2,
  "requires": true,
  "packages": {
    "": {
      "name": "1",
      "version": "1.0.0",
      "license": "ISC",
      "dependencies": {
        "gmail-send": "^1.8.11"
      }
    },
    "node_modules/gmail-send": {
      "version": "1.8.11",
      "resolved": "https://registry.npmjs.org/gmail-send/-/gmail-send-1.8.11.tgz",
      "integrity": "sha512-xabUghzqcATFWxRU6ijuur+kGvo8CmyzPDJbmDByD1yMpB9RV7qoBpP4pMxW29FZi2Ezp1qbvABQSBNbwgA3SA==",
      "dependencies": {
        "lodash": "^4.17.15",
        "nodemailer": "^6.3.0"
      }
    },
    "node_modules/lodash": {
      "version": "4.17.21",
      "resolved": "https://registry.npmjs.org/lodash/-/lodash-4.17.21.tgz",
      "integrity": "sha512-v2kDEe57lecTulaDIuNTPy3Ry4gLGJ6Z1O3vE1krgXZNrsQ+LFTGHVxVjcXPs17LhbZVGedAJv8XZ1tvj5FvSg=="
    },
    "node_modules/nodemailer": {
      "version": "6.6.5",
      "resolved": "https://registry.npmjs.org/nodemailer/-/nodemailer-6.6.5.tgz",
      "integrity": "sha512-C/v856DBijUzHcHIgGpQoTrfsH3suKIRAGliIzCstatM2cAa+MYX3LuyCrABiO/cdJTxgBBHXxV1ztiqUwst5A==",
      "engines": {
        "node": ">=6.0.0"
      }
    }
  },
  "dependencies": {
    "gmail-send": {
      "version": "1.8.11",
      "resolved": "https://registry.npmjs.org/gmail-send/-/gmail-send-1.8.11.tgz",
      "integrity": "sha512-xabUghzqcATFWxRU6ijuur+kGvo8CmyzPDJbmDByD1yMpB9RV7qoBpP4pMxW29FZi2Ezp1qbvABQSBNbwgA3SA==",
      "requires": {
        "lodash": "^4.17.15",
        "nodemailer": "^6.3.0"
      }
    },
    "lodash": {
      "version": "4.17.21",
      "resolved": "https://registry.npmjs.org/lodash/-/lodash-4.17.21.tgz",
      "integrity": "sha512-v2kDEe57lecTulaDIuNTPy3Ry4gLGJ6Z1O3vE1krgXZNrsQ+LFTGHVxVjcXPs17LhbZVGedAJv8XZ1tvj5FvSg=="
    },
    "nodemailer": {
      "version": "6.6.5",
      "resolved": "https://registry.npmjs.org/nodemailer/-/nodemailer-6.6.5.tgz",
      "integrity": "sha512-C/v856DBijUzHcHIgGpQoTrfsH3suKIRAGliIzCstatM2cAa+MYX3LuyCrABiO/cdJTxgBBHXxV1ztiqUwst5A=="
    }
  }
}
